
Microsoft Visual Studio Solution File, Format Version 12.00
# Visual Studio Version 17
VisualStudioVersion = 17.0.31717.71
MinimumVisualStudioVersion = 10.0.40219.1
Project("{9A19103F-16F7-4668-BE54-9A1E7A4F7556}") = "FlowerStore.Web", "FlowerStore.Web.csproj", "{D2E841D9-DF67-4CDA-8FC2-47799CE20F3E}"
EndProject
Global
	GlobalSection(SolutionConfigurationPlatforms) = preSolution
		Debug|Any CPU = Debug|Any CPU
		Release|Any CPU = Release|Any CPU
	EndGlobalSection
	GlobalSection(ProjectConfigurationPlatforms) = postSolution
		{D2E841D9-DF67-4CDA-8FC2-47799CE20F3E}.Debug|Any CPU.ActiveCfg = Debug|Any CPU
		{D2E841D9-DF67-4CDA-8FC2-47799CE20F3E}.Debug|Any CPU.Build.0 = Debug|Any CPU
		{D2E841D9-DF67-4CDA-8FC2-47799CE20F3E}.Release|Any CPU.ActiveCfg = Release|Any CPU
		{D2E841D9-DF67-4CDA-8FC2-47799CE20F3E}.Release|Any CPU.Build.0 = Release|Any CPU
	EndGlobalSection
	GlobalSection(SolutionProperties) = preSolution
		HideSolutionNode = FALSE
	EndGlobalSection
	GlobalSection(ExtensibilityGlobals) = postSolution
		SolutionGuid = {1D30C530-6E61-450A-B1AA-B0E8B90A77C8}
	EndGlobalSection
EndGlobal